PODS:
  - AFNetworking (3.2.1):
    - AFNetworking/NSURLSession (= 3.2.1)
    - AFNetworking/Reachability (= 3.2.1)
    - AFNetworking/Security (= 3.2.1)
    - AFNetworking/Serialization (= 3.2.1)
    - AFNetworking/UIKit (= 3.2.1)
  - AFNetworking/NSURLSession (3.2.1):
    - AFNetworking/Reachability
    - AFNetworking/Security
    - AFNetworking/Serialization
  - AFNetworking/Reachability (3.2.1)
  - AFNetworking/Security (3.2.1)
  - AFNetworking/Serialization (3.2.1)
  - AFNetworking/UIKit (3.2.1):
    - AFNetworking/NSURLSession
  - DOPDropDownMenu-Enhanced (1.0.0)
  - FMDB (2.7.5):
    - FMDB/standard (= 2.7.5)
  - FMDB/standard (2.7.5)
  - MBProgressHUD (1.1.0)
  - MJExtension (3.2.1)
  - MJRefresh (3.3.1)
  - ReachabilitySwift (5.0.0)
  - SDWebImage (5.4.1):
    - SDWebImage/Core (= 5.4.1)
  - SDWebImage/Core (5.4.1)
  - TAPageControl (0.2.0)

DEPENDENCIES:
  - AFNetworking (~> 3.2.1)
  - DOPDropDownMenu-Enhanced (~> 1.0.0)
  - FMDB (~> 2.7.5)
  - MBProgressHUD (~> 1.1.0)
  - MJExtension (~> 3.2.1)
  - MJRefresh (~> 3.3.1)
  - ReachabilitySwift (~> 5.0.0)
  - SDWebImage (~> 5.4.1)
  - TAPageControl (~> 0.2.0)

SPEC REPOS:
  trunk:
    - AFNetworking
    - DOPDropDownMenu-Enhanced
    - FMDB
    - MBProgressHUD
    - MJExtension
    - MJRefresh
    - ReachabilitySwift
    - SDWebImage
    - TAPageControl

SPEC CHECKSUMS:
  AFNetworking: b6f891fdfaed196b46c7a83cf209e09697b94057
  DOPDropDownMenu-Enhanced: 9ec473b16351b5b0b2d6ef87e7f666fe5ff54ad5
  FMDB: 2ce00b547f966261cd18927a3ddb07cb6f3db82a
  MBProgressHUD: e7baa36a220447d8aeb12769bf0585582f3866d9
  MJExtension: 635f2c663dcb1bf76fa4b715b2570a5710aec545
  MJRefresh: eeda70fbf0ad277f3178cef1cd0c3532591d6237
  ReachabilitySwift: 985039c6f7b23a1da463388634119492ff86c825
  SDWebImage: 29c340dbdcef342bb13125553f4e19ce056b07a7
  TAPageControl: fd11d779bbb5c2464ca2f55dde9e288213ea8a9b

PODFILE CHECKSUM: 89b0ead72be1ba27682ee60c90cdb0bb5fac9cc1

COCOAPODS: 1.8.4
